
Microsoft Visual Studio Solution File, Format Version 12.00
# Visual Studio Version 16
VisualStudioVersion = 16.0.31321.278
MinimumVisualStudioVersion = 10.0.40219.1
Project("{FAE04EC0-301F-11D3-BF4B-00C04F79EFBC}") = "ProyectoMvcEmpty", "ProyectoMvcEmpty\ProyectoMvcEmpty.csproj", "{3145C3B9-280D-4413-A06F-CCC86EF02827}"
EndProject
Global
	GlobalSection(SolutionConfigurationPlatforms) = preSolution
		Debug|Any CPU = Debug|Any CPU
		Release|Any CPU = Release|Any CPU
	EndGlobalSection
	GlobalSection(ProjectConfigurationPlatforms) = postSolution
		{3145C3B9-280D-4413-A06F-CCC86EF02827}.Debug|Any CPU.ActiveCfg = Debug|Any CPU
		{3145C3B9-280D-4413-A06F-CCC86EF02827}.Debug|Any CPU.Build.0 = Debug|Any CPU
		{3145C3B9-280D-4413-A06F-CCC86EF02827}.Release|Any CPU.ActiveCfg = Release|Any CPU
		{3145C3B9-280D-4413-A06F-CCC86EF02827}.Release|Any CPU.Build.0 = Release|Any CPU
	EndGlobalSection
	GlobalSection(SolutionProperties) = preSolution
		HideSolutionNode = FALSE
	EndGlobalSection
	GlobalSection(ExtensibilityGlobals) = postSolution
		SolutionGuid = {B90F5396-A74B-4B23-A785-A7F2DD1794A3}
	EndGlobalSection
EndGlobal
